<Solution>
  <Folder Name="/tests/">
    <Project Path="tests/Ecommerce.Integration.Tests/Ecommerce.Integration.Tests.csproj" />
    <Project Path="tests/Ecommerce.Unitario.Tests/Ecommerce.UnitarioTests.csproj" />
    <Project Path="tests/EcommerceDataTest/EcommerceDataTest.csproj" />
  </Folder>
  <Project Path="Ecommerce.Pagamento.Worker/Ecommerce.Pagamento.Worker.csproj" />
  <Project Path="Ecommerce.Pedido.Api/Ecommerce.Pedido.Api.csproj" />
</Solution>
